
Microsoft Visual Studio Solution File, Format Version 12.00
# Visual Studio Version 16
VisualStudioVersion = 16.0.32510.428
MinimumVisualStudioVersion = 10.0.40219.1
Project("{9A19103F-16F7-4668-BE54-9A1E7A4F7556}") = "AspCoreMiddlewareTutorial", "WebApplication1\AspCoreMiddlewareTutorial.csproj", "{D06A2AF1-60CD-4824-84A9-E16B26AC432C}"
EndProject
Project("{9A19103F-16F7-4668-BE54-9A1E7A4F7556}") = "DIWebApiTutorial", "DIWebApiTutorial\DIWebApiTutorial.csproj", "{7B9726B4-7E07-4F3E-A2CD-7B295D89B063}"
EndProject
Project("{9A19103F-16F7-4668-BE54-9A1E7A4F7556}") = "WebAppIdentityTest", "WebAppIdentityTest\WebAppIdentityTest.csproj", "{33053845-1EDF-46C2-A0AC-875E87D552FE}"
EndProject
Project("{9A19103F-16F7-4668-BE54-9A1E7A4F7556}") = "EntityFrameworkConsole", "EntityFrameworkConsole\EntityFrameworkConsole.csproj", "{DCC61BC7-D79F-4830-80A0-56B24EAB0AC4}"
EndProject
Project("{9A19103F-16F7-4668-BE54-9A1E7A4F7556}") = "EntityFrameworkMVCNew", "EntityFrameworkMVCNew\EntityFrameworkMVCNew.csproj", "{522DDC3B-BB11-4503-8BB6-C5C4AAB8E195}"
EndProject
Project("{FAE04EC0-301F-11D3-BF4B-00C04F79EFBC}") = "WebApi.Tests", "WebApi.Tests\WebApi.Tests.csproj", "{4215DF2C-76BF-4506-B61B-B054ACD8AACA}"
EndProject
Global
	GlobalSection(SolutionConfigurationPlatforms) = preSolution
		Debug|Any CPU = Debug|Any CPU
		Release|Any CPU = Release|Any CPU
	EndGlobalSection
	GlobalSection(ProjectConfigurationPlatforms) = postSolution
		{D06A2AF1-60CD-4824-84A9-E16B26AC432C}.Debug|Any CPU.ActiveCfg = Debug|Any CPU
		{D06A2AF1-60CD-4824-84A9-E16B26AC432C}.Debug|Any CPU.Build.0 = Debug|Any CPU
		{D06A2AF1-60CD-4824-84A9-E16B26AC432C}.Release|Any CPU.ActiveCfg = Release|Any CPU
		{D06A2AF1-60CD-4824-84A9-E16B26AC432C}.Release|Any CPU.Build.0 = Release|Any CPU
		{7B9726B4-7E07-4F3E-A2CD-7B295D89B063}.Debug|Any CPU.ActiveCfg = Debug|Any CPU
		{7B9726B4-7E07-4F3E-A2CD-7B295D89B063}.Debug|Any CPU.Build.0 = Debug|Any CPU
		{7B9726B4-7E07-4F3E-A2CD-7B295D89B063}.Release|Any CPU.ActiveCfg = Release|Any CPU
		{7B9726B4-7E07-4F3E-A2CD-7B295D89B063}.Release|Any CPU.Build.0 = Release|Any CPU
		{33053845-1EDF-46C2-A0AC-875E87D552FE}.Debug|Any CPU.ActiveCfg = Debug|Any CPU
		{33053845-1EDF-46C2-A0AC-875E87D552FE}.Debug|Any CPU.Build.0 = Debug|Any CPU
		{33053845-1EDF-46C2-A0AC-875E87D552FE}.Release|Any CPU.ActiveCfg = Release|Any CPU
		{33053845-1EDF-46C2-A0AC-875E87D552FE}.Release|Any CPU.Build.0 = Release|Any CPU
		{DCC61BC7-D79F-4830-80A0-56B24EAB0AC4}.Debug|Any CPU.ActiveCfg = Debug|Any CPU
		{DCC61BC7-D79F-4830-80A0-56B24EAB0AC4}.Debug|Any CPU.Build.0 = Debug|Any CPU
		{DCC61BC7-D79F-4830-80A0-56B24EAB0AC4}.Release|Any CPU.ActiveCfg = Release|Any CPU
		{DCC61BC7-D79F-4830-80A0-56B24EAB0AC4}.Release|Any CPU.Build.0 = Release|Any CPU
		{522DDC3B-BB11-4503-8BB6-C5C4AAB8E195}.Debug|Any CPU.ActiveCfg = Debug|Any CPU
		{522DDC3B-BB11-4503-8BB6-C5C4AAB8E195}.Debug|Any CPU.Build.0 = Debug|Any CPU
		{522DDC3B-BB11-4503-8BB6-C5C4AAB8E195}.Release|Any CPU.ActiveCfg = Release|Any CPU
		{522DDC3B-BB11-4503-8BB6-C5C4AAB8E195}.Release|Any CPU.Build.0 = Release|Any CPU
		{4215DF2C-76BF-4506-B61B-B054ACD8AACA}.Debug|Any CPU.ActiveCfg = Debug|Any CPU
		{4215DF2C-76BF-4506-B61B-B054ACD8AACA}.Debug|Any CPU.Build.0 = Debug|Any CPU
		{4215DF2C-76BF-4506-B61B-B054ACD8AACA}.Release|Any CPU.ActiveCfg = Release|Any CPU
		{4215DF2C-76BF-4506-B61B-B054ACD8AACA}.Release|Any CPU.Build.0 = Release|Any CPU
	EndGlobalSection
	GlobalSection(SolutionProperties) = preSolution
		HideSolutionNode = FALSE
	EndGlobalSection
	GlobalSection(ExtensibilityGlobals) = postSolution
		SolutionGuid = {011CF5B9-784C-476D-B124-BFF0FFC0E0B4}
	EndGlobalSection
EndGlobal
